
Microsoft Visual Studio Solution File, Format Version 12.00
# Visual Studio Version 16
VisualStudioVersion = 16.0.29424.173
MinimumVisualStudioVersion = 10.0.40219.1
Project("{9A19103F-16F7-4668-BE54-9A1E7A4F7556}") = "WebApplication2", "WebApplication2\WebApplication2.csproj", "{5A0A9353-4301-4524-991D-7D42A498AAA4}"
EndProject
Global
	GlobalSection(SolutionConfigurationPlatforms) = preSolution
		Debug|Any CPU = Debug|Any CPU
		Release|Any CPU = Release|Any CPU
	EndGlobalSection
	GlobalSection(ProjectConfigurationPlatforms) = postSolution
		{5A0A9353-4301-4524-991D-7D42A498AAA4}.Debug|Any CPU.ActiveCfg = Debug|Any CPU
		{5A0A9353-4301-4524-991D-7D42A498AAA4}.Debug|Any CPU.Build.0 = Debug|Any CPU
		{5A0A9353-4301-4524-991D-7D42A498AAA4}.Release|Any CPU.ActiveCfg = Release|Any CPU
		{5A0A9353-4301-4524-991D-7D42A498AAA4}.Release|Any CPU.Build.0 = Release|Any CPU
	EndGlobalSection
	GlobalSection(SolutionProperties) = preSolution
		HideSolutionNode = FALSE
	EndGlobalSection
	GlobalSection(ExtensibilityGlobals) = postSolution
		SolutionGuid = {D255CBB3-0DA4-4470-95C7-7289737B5322}
	EndGlobalSection
EndGlobal
